// !$*UTF8*$!
{
	archiveVersion = 1;
	classes = {
	};
	objectVersion = 77;
	objects = {

/* Begin PBXContainerItemProxy section */
		4630D0F32DDDAD37000B7B89 /* PBXContainerItemProxy */ = {
			isa = PBXContainerItemProxy;
			containerPortal = 4630D0D62DDDAD35000B7B89 /* Project object */;
			proxyType = 1;
			remoteGlobalIDString = 4630D0DD2DDDAD35000B7B89;
			remoteInfo = ScreenBean;
		};
		4630D0FD2DDDAD37000B7B89 /* PBXContainerItemProxy */ = {
			isa = PBXContainerItemProxy;
			containerPortal = 4630D0D62DDDAD35000B7B89 /* Project object */;
			proxyType = 1;
			remoteGlobalIDString = 4630D0DD2DDDAD35000B7B89;
			remoteInfo = ScreenBean;
		};
/* End PBXContainerItemProxy section */

/* Begin PBXFileReference section */
		4630D0DE2DDDAD35000B7B89 /* ScreenBean.app */ = {isa = PBXFileReference; explicitFileType = wrapper.application; includeInIndex = 0; path = ScreenBean.app; sourceTree = BUILT_PRODUCTS_DIR; };
		4630D0F22DDDAD37000B7B89 /* ScreenBeanTests.xctest */ = {isa = PBXFileReference; explicitFileType = wrapper.cfbundle; includeInIndex = 0; path = ScreenBeanTests.xctest; sourceTree = BUILT_PRODUCTS_DIR; };
		4630D0FC2DDDAD37000B7B89 /* ScreenBeanUITests.xctest */ = {isa = PBXFileReference; explicitFileType = wrapper.cfbundle; includeInIndex = 0; path = ScreenBeanUITests.xctest; sourceTree = BUILT_PRODUCTS_DIR; };
/* End PBXFileReference section */

/* Begin PBXFileSystemSynchronizedRootGroup section */
		4630D0E02DDDAD35000B7B89 /* ScreenBean */ = {
			isa = PBXFileSystemSynchronizedRootGroup;
			path = ScreenBean;
			sourceTree = "<group>";
		};
		4630D0F52DDDAD37000B7B89 /* ScreenBeanTests */ = {
			isa = PBXFileSystemSynchronizedRootGroup;
			path = ScreenBeanTests;
			sourceTree = "<group>";
		};
		4630D0FF2DDDAD37000B7B89 /* ScreenBeanUITests */ = {
			isa = PBXFileSystemSynchronizedRootGroup;
			path = ScreenBeanUITests;
			sourceTree = "<group>";
		};
/* End PBXFileSystemSynchronizedRootGroup section */

/* Begin PBXFrameworksBuildPhase section */
		4630D0DB2DDDAD35000B7B89 /* Frameworks */ = {
			isa = PBXFrameworksBuildPhase;
			buildActionMask = 2147483647;
			files = (
			);
			runOnlyForDeploymentPostprocessing = 0;
		};
		4630D0EF2DDDAD37000B7B89 /* Frameworks */ = {
			isa = PBXFrameworksBuildPhase;
			buildActionMask = 2147483647;
			files = (
			);
			runOnlyForDeploymentPostprocessing = 0;
		};
		4630D0F92DDDAD37000B7B89 /* Frameworks */ = {
			isa = PBXFrameworksBuildPhase;
			buildActionMask = 2147483647;
			files = (
			);
			runOnlyForDeploymentPostprocessing = 0;
		};
/* End PBXFrameworksBuildPhase section */

/* Begin PBXGroup section */
		4630D0D52DDDAD35000B7B89 = {
			isa = PBXGroup;
			children = (
				4630D0E02DDDAD35000B7B89 /* ScreenBean */,
				4630D0F52DDDAD37000B7B89 /* ScreenBeanTests */,
				4630D0FF2DDDAD37000B7B89 /* ScreenBeanUITests */,
				4630D0DF2DDDAD35000B7B89 /* Products */,
			);
			sourceTree = "<group>";
		};
		4630D0DF2DDDAD35000B7B89 /* Products */ = {
			isa = PBXGroup;
			children = (
				4630D0DE2DDDAD35000B7B89 /* ScreenBean.app */,
				4630D0F22DDDAD37000B7B89 /* ScreenBeanTests.xctest */,
				4630D0FC2DDDAD37000B7B89 /* ScreenBeanUITests.xctest */,
			);
			name = Products;
			sourceTree = "<group>";
		};
/* End PBXGroup section */

/* Begin PBXNativeTarget section */
		4630D0DD2DDDAD35000B7B89 /* ScreenBean */ = {
			isa = PBXNativeTarget;
			buildConfigurationList = 4630D1062DDDAD37000B7B89 /* Build configuration list for PBXNativeTarget "ScreenBean" */;
			buildPhases = (
				4630D0DA2DDDAD35000B7B89 /* Sources */,
				4630D0DB2DDDAD35000B7B89 /* Frameworks */,
				4630D0DC2DDDAD35000B7B89 /* Resources */,
			);
			buildRules = (
			);
			dependencies = (
			);
			fileSystemSynchronizedGroups = (
				4630D0E02DDDAD35000B7B89 /* ScreenBean */,
			);
			name = ScreenBean;
			packageProductDependencies = (
			);
			productName = ScreenBean;
			productReference = 4630D0DE2DDDAD35000B7B89 /* ScreenBean.app */;
			productType = "com.apple.product-type.application";
		};
		4630D0F12DDDAD37000B7B89 /* ScreenBeanTests */ = {
			isa = PBXNativeTarget;
			buildConfigurationList = 4630D1092DDDAD37000B7B89 /* Build configuration list for PBXNativeTarget "ScreenBeanTests" */;
			buildPhases = (
				4630D0EE2DDDAD37000B7B89 /* Sources */,
				4630D0EF2DDDAD37000B7B89 /* Frameworks */,
				4630D0F02DDDAD37000B7B89 /* Resources */,
			);
			buildRules = (
			);
			dependencies = (
				4630D0F42DDDAD37000B7B89 /* PBXTargetDependency */,
			);
			fileSystemSynchronizedGroups = (
				4630D0F52DDDAD37000B7B89 /* ScreenBeanTests */,
			);
			name = ScreenBeanTests;
			packageProductDependencies = (
			);
			productName = ScreenBeanTests;
			productReference = 4630D0F22DDDAD37000B7B89 /* ScreenBeanTests.xctest */;
			productType = "com.apple.product-type.bundle.unit-test";
		};
		4630D0FB2DDDAD37000B7B89 /* ScreenBeanUITests */ = {
			isa = PBXNativeTarget;
			buildConfigurationList = 4630D10C2DDDAD37000B7B89 /* Build configuration list for PBXNativeTarget "ScreenBeanUITests" */;
			buildPhases = (
				4630D0F82DDDAD37000B7B89 /* Sources */,
				4630D0F92DDDAD37000B7B89 /* Frameworks */,
				4630D0FA2DDDAD37000B7B89 /* Resources */,
			);
			buildRules = (
			);
			dependencies = (
				4630D0FE2DDDAD37000B7B89 /* PBXTargetDependency */,
			);
			fileSystemSynchronizedGroups = (
				4630D0FF2DDDAD37000B7B89 /* ScreenBeanUITests */,
			);
			name = ScreenBeanUITests;
			packageProductDependencies = (
			);
			productName = ScreenBeanUITests;
			productReference = 4630D0FC2DDDAD37000B7B89 /* ScreenBeanUITests.xctest */;
			productType = "com.apple.product-type.bundle.ui-testing";
		};
/* End PBXNativeTarget section */

/* Begin PBXProject section */
		4630D0D62DDDAD35000B7B89 /* Project object */ = {
			isa = PBXProject;
			attributes = {
				BuildIndependentTargetsInParallel = 1;
				LastSwiftUpdateCheck = 1620;
				LastUpgradeCheck = 1620;
				TargetAttributes = {
					4630D0DD2DDDAD35000B7B89 = {
						CreatedOnToolsVersion = 16.2;
					};
					4630D0F12DDDAD37000B7B89 = {
						CreatedOnToolsVersion = 16.2;
						TestTargetID = 4630D0DD2DDDAD35000B7B89;
					};
					4630D0FB2DDDAD37000B7B89 = {
						CreatedOnToolsVersion = 16.2;
						TestTargetID = 4630D0DD2DDDAD35000B7B89;
					};
				};
			};
			buildConfigurationList = 4630D0D92DDDAD35000B7B89 /* Build configuration list for PBXProject "ScreenBean" */;
			developmentRegion = en;
			hasScannedForEncodings = 0;
			knownRegions = (
				en,
				Base,
			);
			mainGroup = 4630D0D52DDDAD35000B7B89;
			minimizedProjectReferenceProxies = 1;
			preferredProjectObjectVersion = 77;
			productRefGroup = 4630D0DF2DDDAD35000B7B89 /* Products */;
			projectDirPath = "";
			projectRoot = "";
			targets = (
				4630D0DD2DDDAD35000B7B89 /* ScreenBean */,
				4630D0F12DDDAD37000B7B89 /* ScreenBeanTests */,
				4630D0FB2DDDAD37000B7B89 /* ScreenBeanUITests */,
			);
		};
/* End PBXProject section */

/* Begin PBXResourcesBuildPhase section */
		4630D0DC2DDDAD35000B7B89 /* Resources */ = {
			isa = PBXResourcesBuildPhase;
			buildActionMask = 2147483647;
			files = (
			);
			runOnlyForDeploymentPostprocessing = 0;
		};
		4630D0F02DDDAD37000B7B89 /* Resources */ = {
			isa = PBXResourcesBuildPhase;
			buildActionMask = 2147483647;
			files = (
			);
			runOnlyForDeploymentPostprocessing = 0;
		};
		4630D0FA2DDDAD37000B7B89 /* Resources */ = {
			isa = PBXResourcesBuildPhase;
			buildActionMask = 2147483647;
			files = (
			);
			runOnlyForDeploymentPostprocessing = 0;
		};
/* End PBXResourcesBuildPhase section */

/* Begin PBXSourcesBuildPhase section */
		4630D0DA2DDDAD35000B7B89 /* Sources */ = {
			isa = PBXSourcesBuildPhase;
			buildActionMask = 2147483647;
			files = (
			);
			runOnlyForDeploymentPostprocessing = 0;
		};
		4630D0EE2DDDAD37000B7B89 /* Sources */ = {
			isa = PBXSourcesBuildPhase;
			buildActionMask = 2147483647;
			files = (
			);
			runOnlyForDeploymentPostprocessing = 0;
		};
		4630D0F82DDDAD37000B7B89 /* Sources */ = {
			isa = PBXSourcesBuildPhase;
			buildActionMask = 2147483647;
			files = (
			);
			runOnlyForDeploymentPostprocessing = 0;
		};
/* End PBXSourcesBuildPhase section */

/* Begin PBXTargetDependency section */
		4630D0F42DDDAD37000B7B89 /* PBXTargetDependency */ = {
			isa = PBXTargetDependency;
			target = 4630D0DD2DDDAD35000B7B89 /* ScreenBean */;
			targetProxy = 4630D0F32DDDAD37000B7B89 /* PBXContainerItemProxy */;
		};
		4630D0FE2DDDAD37000B7B89 /* PBXTargetDependency */ = {
			isa = PBXTargetDependency;
			target = 4630D0DD2DDDAD35000B7B89 /* ScreenBean */;
			targetProxy = 4630D0FD2DDDAD37000B7B89 /* PBXContainerItemProxy */;
		};
/* End PBXTargetDependency section */

/* Begin XCBuildConfiguration section */
		4630D1042DDDAD37000B7B89 /* Debug */ = {
			isa = XCBuildConfiguration;
			buildSettings = {
				ALWAYS_SEARCH_USER_PATHS = NO;
				ASSETCATALOG_COMPILER_GENERATE_SWIFT_ASSET_SYMBOL_EXTENSIONS = YES;
				CLANG_ANALYZER_NONNULL = YES;
				CLANG_ANALYZER_NUMBER_OBJECT_CONVERSION = YES_AGGRESSIVE;
				CLANG_CXX_LANGUAGE_STANDARD = "gnu++20";
				CLANG_ENABLE_MODULES = YES;
				CLANG_ENABLE_OBJC_ARC = YES;
				CLANG_ENABLE_OBJC_WEAK = YES;
				CLANG_WARN_BLOCK_CAPTURE_AUTORELEASING = YES;
				CLANG_WARN_BOOL_CONVERSION = YES;
				CLANG_WARN_COMMA = YES;
				CLANG_WARN_CONSTANT_CONVERSION = YES;
				CLANG_WARN_DEPRECATED_OBJC_IMPLEMENTATIONS = YES;
				CLANG_WARN_DIRECT_OBJC_ISA_USAGE = YES_ERROR;
				CLANG_WARN_DOCUMENTATION_COMMENTS = YES;
				CLANG_WARN_EMPTY_BODY = YES;
				CLANG_WARN_ENUM_CONVERSION = YES;
				CLANG_WARN_INFINITE_RECURSION = YES;
				CLANG_WARN_INT_CONVERSION = YES;
				CLANG_WARN_NON_LITERAL_NULL_CONVERSION = YES;
				CLANG_WARN_OBJC_IMPLICIT_RETAIN_SELF = YES;
				CLANG_WARN_OBJC_LITERAL_CONVERSION = YES;
				CLANG_WARN_OBJC_ROOT_CLASS = YES_ERROR;
				CLANG_WARN_QUOTED_INCLUDE_IN_FRAMEWORK_HEADER = YES;
				CLANG_WARN_RANGE_LOOP_ANALYSIS = YES;
				CLANG_WARN_STRICT_PROTOTYPES = YES;
				CLANG_WARN_SUSPICIOUS_MOVE = YES;
				CLANG_WARN_UNGUARDED_AVAILABILITY = YES_AGGRESSIVE;
				CLANG_WARN_UNREACHABLE_CODE = YES;
				CLANG_WARN__DUPLICATE_METHOD_MATCH = YES;
				COPY_PHASE_STRIP = NO;
				DEBUG_INFORMATION_FORMAT = dwarf;
				ENABLE_STRICT_OBJC_MSGSEND = YES;
				ENABLE_TESTABILITY = YES;
				ENABLE_USER_SCRIPT_SANDBOXING = YES;
				GCC_C_LANGUAGE_STANDARD = gnu17;
				GCC_DYNAMIC_NO_PIC = NO;
				GCC_NO_COMMON_BLOCKS = YES;
				GCC_OPTIMIZATION_LEVEL = 0;
				GCC_PREPROCESSOR_DEFINITIONS = (
					"DEBUG=1",
					"$(inherited)",
				);
				GCC_WARN_64_TO_32_BIT_CONVERSION = YES;
				GCC_WARN_ABOUT_RETURN_TYPE = YES_ERROR;
				GCC_WARN_UNDECLARED_SELECTOR = YES;
				GCC_WARN_UNINITIALIZED_AUTOS = YES_AGGRESSIVE;
				GCC_WARN_UNUSED_FUNCTION = YES;
				GCC_WARN_UNUSED_VARIABLE = YES;
				LOCALIZATION_PREFERS_STRING_CATALOGS = YES;
				MACOSX_DEPLOYMENT_TARGET = 14.6;
				MTL_ENABLE_DEBUG_INFO = INCLUDE_SOURCE;
				MTL_FAST_MATH = YES;
				ONLY_ACTIVE_ARCH = YES;
				SDKROOT = macosx;
				SWIFT_ACTIVE_COMPILATION_CONDITIONS = "DEBUG $(inherited)";
				SWIFT_OPTIMIZATION_LEVEL = "-Onone";
			};
			name = Debug;
		};
		4630D1052DDDAD37000B7B89 /* Release */ = {
			isa = XCBuildConfiguration;
			buildSettings = {
				ALWAYS_SEARCH_USER_PATHS = NO;
				ASSETCATALOG_COMPILER_GENERATE_SWIFT_ASSET_SYMBOL_EXTENSIONS = YES;
				CLANG_ANALYZER_NONNULL = YES;
				CLANG_ANALYZER_NUMBER_OBJECT_CONVERSION = YES_AGGRESSIVE;
				CLANG_CXX_LANGUAGE_STANDARD = "gnu++20";
				CLANG_ENABLE_MODULES = YES;
				CLANG_ENABLE_OBJC_ARC = YES;
				CLANG_ENABLE_OBJC_WEAK = YES;
				CLANG_WARN_BLOCK_CAPTURE_AUTORELEASING = YES;
				CLANG_WARN_BOOL_CONVERSION = YES;
				CLANG_WARN_COMMA = YES;
				CLANG_WARN_CONSTANT_CONVERSION = YES;
				CLANG_WARN_DEPRECATED_OBJC_IMPLEMENTATIONS = YES;
				CLANG_WARN_DIRECT_OBJC_ISA_USAGE = YES_ERROR;
				CLANG_WARN_DOCUMENTATION_COMMENTS = YES;
				CLANG_WARN_EMPTY_BODY = YES;
				CLANG_WARN_ENUM_CONVERSION = YES;
				CLANG_WARN_INFINITE_RECURSION = YES;
				CLANG_WARN_INT_CONVERSION = YES;
				CLANG_WARN_NON_LITERAL_NULL_CONVERSION = YES;
				CLANG_WARN_OBJC_IMPLICIT_RETAIN_SELF = YES;
				CLANG_WARN_OBJC_LITERAL_CONVERSION = YES;
				CLANG_WARN_OBJC_ROOT_CLASS = YES_ERROR;
				CLANG_WARN_QUOTED_INCLUDE_IN_FRAMEWORK_HEADER = YES;
				CLANG_WARN_RANGE_LOOP_ANALYSIS = YES;
				CLANG_WARN_STRICT_PROTOTYPES = YES;
				CLANG_WARN_SUSPICIOUS_MOVE = YES;
				CLANG_WARN_UNGUARDED_AVAILABILITY = YES_AGGRESSIVE;
				CLANG_WARN_UNREACHABLE_CODE = YES;
				CLANG_WARN__DUPLICATE_METHOD_MATCH = YES;
				COPY_PHASE_STRIP = NO;
				DEBUG_INFORMATION_FORMAT = "dwarf-with-dsym";
				ENABLE_NS_ASSERTIONS = NO;
				ENABLE_STRICT_OBJC_MSGSEND = YES;
				ENABLE_USER_SCRIPT_SANDBOXING = YES;
				GCC_C_LANGUAGE_STANDARD = gnu17;
				GCC_NO_COMMON_BLOCKS = YES;
				GCC_WARN_64_TO_32_BIT_CONVERSION = YES;
				GCC_WARN_ABOUT_RETURN_TYPE = YES_ERROR;
				GCC_WARN_UNDECLARED_SELECTOR = YES;
				GCC_WARN_UNINITIALIZED_AUTOS = YES_AGGRESSIVE;
				GCC_WARN_UNUSED_FUNCTION = YES;
				GCC_WARN_UNUSED_VARIABLE = YES;
				LOCALIZATION_PREFERS_STRING_CATALOGS = YES;
				MACOSX_DEPLOYMENT_TARGET = 14.6;
				MTL_ENABLE_DEBUG_INFO = NO;
				MTL_FAST_MATH = YES;
				SDKROOT = macosx;
				SWIFT_COMPILATION_MODE = wholemodule;
			};
			name = Release;
		};
		4630D1072DDDAD37000B7B89 /* Debug */ = {
			isa = XCBuildConfiguration;
			buildSettings = {
				ASSETCATALOG_COMPILER_APPICON_NAME = AppIcon;
				ASSETCATALOG_COMPILER_GLOBAL_ACCENT_COLOR_NAME = AccentColor;
				CODE_SIGN_ENTITLEMENTS = ScreenBean/ScreenBean.entitlements;
				CODE_SIGN_STYLE = Automatic;
				COMBINE_HIDPI_IMAGES = YES;
				CURRENT_PROJECT_VERSION = 1;
				GENERATE_INFOPLIST_FILE = YES;
				INFOPLIST_KEY_NSHumanReadableCopyright = "";
				INFOPLIST_KEY_NSMainStoryboardFile = Main;
				INFOPLIST_KEY_NSPrincipalClass = NSApplication;
				LD_RUNPATH_SEARCH_PATHS = (
					"$(inherited)",
					"@executable_path/../Frameworks",
				);
				MARKETING_VERSION = 1.0;
				PRODUCT_BUNDLE_IDENTIFIER = "Nathan-Pizar.ScreenBean";
				PRODUCT_NAME = "$(TARGET_NAME)";
				SWIFT_EMIT_LOC_STRINGS = YES;
				SWIFT_VERSION = 5.0;
			};
			name = Debug;
		};
		4630D1082DDDAD37000B7B89 /* Release */ = {
			isa = XCBuildConfiguration;
			buildSettings = {
				ASSETCATALOG_COMPILER_APPICON_NAME = AppIcon;
				ASSETCATALOG_COMPILER_GLOBAL_ACCENT_COLOR_NAME = AccentColor;
				CODE_SIGN_ENTITLEMENTS = ScreenBean/ScreenBean.entitlements;
				CODE_SIGN_STYLE = Automatic;
				COMBINE_HIDPI_IMAGES = YES;
				CURRENT_PROJECT_VERSION = 1;
				GENERATE_INFOPLIST_FILE = YES;
				INFOPLIST_KEY_NSHumanReadableCopyright = "";
				INFOPLIST_KEY_NSMainStoryboardFile = Main;
				INFOPLIST_KEY_NSPrincipalClass = NSApplication;
				LD_RUNPATH_SEARCH_PATHS = (
					"$(inherited)",
					"@executable_path/../Frameworks",
				);
				MARKETING_VERSION = 1.0;
				PRODUCT_BUNDLE_IDENTIFIER = "Nathan-Pizar.ScreenBean";
				PRODUCT_NAME = "$(TARGET_NAME)";
				SWIFT_EMIT_LOC_STRINGS = YES;
				SWIFT_VERSION = 5.0;
			};
			name = Release;
		};
		4630D10A2DDDAD37000B7B89 /* Debug */ = {
			isa = XCBuildConfiguration;
			buildSettings = {
				BUNDLE_LOADER = "$(TEST_HOST)";
				CODE_SIGN_STYLE = Automatic;
				CURRENT_PROJECT_VERSION = 1;
				GENERATE_INFOPLIST_FILE = YES;
				MACOSX_DEPLOYMENT_TARGET = 14.6;
				MARKETING_VERSION = 1.0;
				PRODUCT_BUNDLE_IDENTIFIER = "Nathan-Pizar.ScreenBeanTests";
				PRODUCT_NAME = "$(TARGET_NAME)";
				SWIFT_EMIT_LOC_STRINGS = NO;
				SWIFT_VERSION = 5.0;
				TEST_HOST = "$(BUILT_PRODUCTS_DIR)/ScreenBean.app/$(BUNDLE_EXECUTABLE_FOLDER_PATH)/ScreenBean";
			};
			name = Debug;
		};
		4630D10B2DDDAD37000B7B89 /* Release */ = {
			isa = XCBuildConfiguration;
			buildSettings = {
				BUNDLE_LOADER = "$(TEST_HOST)";
				CODE_SIGN_STYLE = Automatic;
				CURRENT_PROJECT_VERSION = 1;
				GENERATE_INFOPLIST_FILE = YES;
				MACOSX_DEPLOYMENT_TARGET = 14.6;
				MARKETING_VERSION = 1.0;
				PRODUCT_BUNDLE_IDENTIFIER = "Nathan-Pizar.ScreenBeanTests";
				PRODUCT_NAME = "$(TARGET_NAME)";
				SWIFT_EMIT_LOC_STRINGS = NO;
				SWIFT_VERSION = 5.0;
				TEST_HOST = "$(BUILT_PRODUCTS_DIR)/ScreenBean.app/$(BUNDLE_EXECUTABLE_FOLDER_PATH)/ScreenBean";
			};
			name = Release;
		};
		4630D10D2DDDAD37000B7B89 /* Debug */ = {
			isa = XCBuildConfiguration;
			buildSettings = {
				CODE_SIGN_STYLE = Automatic;
				CURRENT_PROJECT_VERSION = 1;
				GENERATE_INFOPLIST_FILE = YES;
				MARKETING_VERSION = 1.0;
				PRODUCT_BUNDLE_IDENTIFIER = "Nathan-Pizar.ScreenBeanUITests";
				PRODUCT_NAME = "$(TARGET_NAME)";
				SWIFT_EMIT_LOC_STRINGS = NO;
				SWIFT_VERSION = 5.0;
				TEST_TARGET_NAME = ScreenBean;
			};
			name = Debug;
		};
		4630D10E2DDDAD37000B7B89 /* Release */ = {
			isa = XCBuildConfiguration;
			buildSettings = {
				CODE_SIGN_STYLE = Automatic;
				CURRENT_PROJECT_VERSION = 1;
				GENERATE_INFOPLIST_FILE = YES;
				MARKETING_VERSION = 1.0;
				PRODUCT_BUNDLE_IDENTIFIER = "Nathan-Pizar.ScreenBeanUITests";
				PRODUCT_NAME = "$(TARGET_NAME)";
				SWIFT_EMIT_LOC_STRINGS = NO;
				SWIFT_VERSION = 5.0;
				TEST_TARGET_NAME = ScreenBean;
			};
			name = Release;
		};
/* End XCBuildConfiguration section */

/* Begin XCConfigurationList section */
		4630D0D92DDDAD35000B7B89 /* Build configuration list for PBXProject "ScreenBean" */ = {
			isa = XCConfigurationList;
			buildConfigurations = (
				4630D1042DDDAD37000B7B89 /* Debug */,
				4630D1052DDDAD37000B7B89 /* Release */,
			);
			defaultConfigurationIsVisible = 0;
			defaultConfigurationName = Release;
		};
		4630D1062DDDAD37000B7B89 /* Build configuration list for PBXNativeTarget "ScreenBean" */ = {
			isa = XCConfigurationList;
			buildConfigurations = (
				4630D1072DDDAD37000B7B89 /* Debug */,
				4630D1082DDDAD37000B7B89 /* Release */,
			);
			defaultConfigurationIsVisible = 0;
			defaultConfigurationName = Release;
		};
		4630D1092DDDAD37000B7B89 /* Build configuration list for PBXNativeTarget "ScreenBeanTests" */ = {
			isa = XCConfigurationList;
			buildConfigurations = (
				4630D10A2DDDAD37000B7B89 /* Debug */,
				4630D10B2DDDAD37000B7B89 /* Release */,
			);
			defaultConfigurationIsVisible = 0;
			defaultConfigurationName = Release;
		};
		4630D10C2DDDAD37000B7B89 /* Build configuration list for PBXNativeTarget "ScreenBeanUITests" */ = {
			isa = XCConfigurationList;
			buildConfigurations = (
				4630D10D2DDDAD37000B7B89 /* Debug */,
				4630D10E2DDDAD37000B7B89 /* Release */,
			);
			defaultConfigurationIsVisible = 0;
			defaultConfigurationName = Release;
		};
/* End XCConfigurationList section */
	};
	rootObject = 4630D0D62DDDAD35000B7B89 /* Project object */;
}
